// !$*UTF8*$!
{
	archiveVersion = 1;
	classes = {
	};
	objectVersion = 50;
	objects = {

/* Begin PBXBuildFile section */
		2B63302125E5E2C700F028E9 /* AppDelegate.swift in Sources */ = {isa = PBXBuildFile; fileRef = 2B63302025E5E2C700F028E9 /* AppDelegate.swift */; };
		2B63302325E5E2C700F028E9 /* SceneDelegate.swift in Sources */ = {isa = PBXBuildFile; fileRef = 2B63302225E5E2C700F028E9 /* SceneDelegate.swift */; };
		2B63302A25E5E2C800F028E9 /* Assets.xcassets in Resources */ = {isa = PBXBuildFile; fileRef = 2B63302925E5E2C800F028E9 /* Assets.xcassets */; };
		2B63302D25E5E2C800F028E9 /* LaunchScreen.storyboard in Resources */ = {isa = PBXBuildFile; fileRef = 2B63302B25E5E2C800F028E9 /* LaunchScreen.storyboard */; };
		2B63303725E5E5AE00F028E9 /* soccer_info.json in Resources */ = {isa = PBXBuildFile; fileRef = 2B63303625E5E5AE00F028E9 /* soccer_info.json */; };
		2B63303C25E6A41E00F028E9 /* Competition.swift in Sources */ = {isa = PBXBuildFile; fileRef = 2B63303B25E6A41E00F028E9 /* Competition.swift */; };
		2B63303F25E6A49A00F028E9 /* Tournament.swift in Sources */ = {isa = PBXBuildFile; fileRef = 2B63303E25E6A49A00F028E9 /* Tournament.swift */; };
		2B63304325E6A7BD00F028E9 /* TournamentsResponse.swift in Sources */ = {isa = PBXBuildFile; fileRef = 2B63304225E6A7BD00F028E9 /* TournamentsResponse.swift */; };
		2B63304725E6B33F00F028E9 /* TournamentsTableViewController.swift in Sources */ = {isa = PBXBuildFile; fileRef = 2B63304625E6B33F00F028E9 /* TournamentsTableViewController.swift */; };
		2B63304B25E815C200F028E9 /* LeagueTableViewCell.swift in Sources */ = {isa = PBXBuildFile; fileRef = 2B63304925E815C200F028E9 /* LeagueTableViewCell.swift */; };
		2B63304C25E815C200F028E9 /* LeagueTableViewCell.xib in Resources */ = {isa = PBXBuildFile; fileRef = 2B63304A25E815C200F028E9 /* LeagueTableViewCell.xib */; };
		2B63305625E8984600F028E9 /* UIImageView+Extension.swift in Sources */ = {isa = PBXBuildFile; fileRef = 2B63305525E8984600F028E9 /* UIImageView+Extension.swift */; };
		2B63305A25E8AC3000F028E9 /* DetailsLeagueViewController.swift in Sources */ = {isa = PBXBuildFile; fileRef = 2B63305925E8AC3000F028E9 /* DetailsLeagueViewController.swift */; };
		2B63306A25E8BEB800F028E9 /* TeamsByCompetition.swift in Sources */ = {isa = PBXBuildFile; fileRef = 2B63306925E8BEB800F028E9 /* TeamsByCompetition.swift */; };
		2B63306E25E8C46C00F028E9 /* TeamDetails.swift in Sources */ = {isa = PBXBuildFile; fileRef = 2B63306D25E8C46C00F028E9 /* TeamDetails.swift */; };
		2B63307125E8C49200F028E9 /* JerseyByTeam.swift in Sources */ = {isa = PBXBuildFile; fileRef = 2B63307025E8C49200F028E9 /* JerseyByTeam.swift */; };
		2B63308725E8DC0400F028E9 /* TeamTableViewCell.swift in Sources */ = {isa = PBXBuildFile; fileRef = 2B63308525E8DC0400F028E9 /* TeamTableViewCell.swift */; };
		2B63308825E8DC0400F028E9 /* TeamTableViewCell.xib in Resources */ = {isa = PBXBuildFile; fileRef = 2B63308625E8DC0400F028E9 /* TeamTableViewCell.xib */; };
		2B63308E25E8E13800F028E9 /* TeamsResponse.swift in Sources */ = {isa = PBXBuildFile; fileRef = 2B63308D25E8E13800F028E9 /* TeamsResponse.swift */; };
		2B63309525E94BBB00F028E9 /* UIView+Extension.swift in Sources */ = {isa = PBXBuildFile; fileRef = 2B63309425E94BBB00F028E9 /* UIView+Extension.swift */; };
		2B63309D25EBED0400F028E9 /* TeamSelectedViewController.swift in Sources */ = {isa = PBXBuildFile; fileRef = 2B63309C25EBED0400F028E9 /* TeamSelectedViewController.swift */; };
		2B6330A625ED3EF400F028E9 /* TeamDetailsResponse.swift in Sources */ = {isa = PBXBuildFile; fileRef = 2B6330A525ED3EF400F028E9 /* TeamDetailsResponse.swift */; };
		2B6330AD25EDD59100F028E9 /* JerseyByTeamResponse.swift in Sources */ = {isa = PBXBuildFile; fileRef = 2B6330AC25EDD59100F028E9 /* JerseyByTeamResponse.swift */; };
		2B6330B625EDE14E00F028E9 /* StadiumTableViewCell.swift in Sources */ = {isa = PBXBuildFile; fileRef = 2B6330B425EDE14E00F028E9 /* StadiumTableViewCell.swift */; };
		2B6330B725EDE14E00F028E9 /* StadiumTableViewCell.xib in Resources */ = {isa = PBXBuildFile; fileRef = 2B6330B525EDE14E00F028E9 /* StadiumTableViewCell.xib */; };
		2B6330BB25EF2AC800F028E9 /* JerseyImageViewController.swift in Sources */ = {isa = PBXBuildFile; fileRef = 2B6330BA25EF2AC800F028E9 /* JerseyImageViewController.swift */; };
		2B6330C125F1B41E00F028E9 /* AlertView+Extension.swift in Sources */ = {isa = PBXBuildFile; fileRef = 2B6330C025F1B41E00F028E9 /* AlertView+Extension.swift */; };
		2B7EC56B25F802D00021E3CF /* JerseyTableViewCell.swift in Sources */ = {isa = PBXBuildFile; fileRef = 2B7EC56925F802D00021E3CF /* JerseyTableViewCell.swift */; };
		2B7EC56C25F802D00021E3CF /* JerseyTableViewCell.xib in Resources */ = {isa = PBXBuildFile; fileRef = 2B7EC56A25F802D00021E3CF /* JerseyTableViewCell.xib */; };
		2BCEF6E625F1F7FF00854639 /* Main.storyboard in Resources */ = {isa = PBXBuildFile; fileRef = 2B63302625E5E2C700F028E9 /* Main.storyboard */; };
/* End PBXBuildFile section */

/* Begin PBXFileReference section */
		2B63301D25E5E2C700F028E9 /* FutballTournaments.app */ = {isa = PBXFileReference; explicitFileType = wrapper.application; includeInIndex = 0; path = FutballTournaments.app; sourceTree = BUILT_PRODUCTS_DIR; };
		2B63302025E5E2C700F028E9 /* AppDelegate.swift */ = {isa = PBXFileReference; lastKnownFileType = sourcecode.swift; path = AppDelegate.swift; sourceTree = "<group>"; };
		2B63302225E5E2C700F028E9 /* SceneDelegate.swift */ = {isa = PBXFileReference; lastKnownFileType = sourcecode.swift; path = SceneDelegate.swift; sourceTree = "<group>"; };
		2B63302725E5E2C700F028E9 /* Base */ = {isa = PBXFileReference; lastKnownFileType = file.storyboard; name = Base; path = Base.lproj/Main.storyboard; sourceTree = "<group>"; };
		2B63302925E5E2C800F028E9 /* Assets.xcassets */ = {isa = PBXFileReference; lastKnownFileType = folder.assetcatalog; path = Assets.xcassets; sourceTree = "<group>"; };
		2B63302C25E5E2C800F028E9 /* Base */ = {isa = PBXFileReference; lastKnownFileType = file.storyboard; name = Base; path = Base.lproj/LaunchScreen.storyboard; sourceTree = "<group>"; };
		2B63302E25E5E2C800F028E9 /* Info.plist */ = {isa = PBXFileReference; lastKnownFileType = text.plist.xml; path = Info.plist; sourceTree = "<group>"; };
		2B63303625E5E5AE00F028E9 /* soccer_info.json */ = {isa = PBXFileReference; fileEncoding = 4; lastKnownFileType = text.json; path = soccer_info.json; sourceTree = "<group>"; };
		2B63303B25E6A41E00F028E9 /* Competition.swift */ = {isa = PBXFileReference; lastKnownFileType = sourcecode.swift; path = Competition.swift; sourceTree = "<group>"; };
		2B63303E25E6A49A00F028E9 /* Tournament.swift */ = {isa = PBXFileReference; lastKnownFileType = sourcecode.swift; path = Tournament.swift; sourceTree = "<group>"; };
		2B63304225E6A7BD00F028E9 /* TournamentsResponse.swift */ = {isa = PBXFileReference; lastKnownFileType = sourcecode.swift; path = TournamentsResponse.swift; sourceTree = "<group>"; };
		2B63304625E6B33F00F028E9 /* TournamentsTableViewController.swift */ = {isa = PBXFileReference; lastKnownFileType = sourcecode.swift; path = TournamentsTableViewController.swift; sourceTree = "<group>"; };
		2B63304925E815C200F028E9 /* LeagueTableViewCell.swift */ = {isa = PBXFileReference; lastKnownFileType = sourcecode.swift; path = LeagueTableViewCell.swift; sourceTree = "<group>"; };
		2B63304A25E815C200F028E9 /* LeagueTableViewCell.xib */ = {isa = PBXFileReference; lastKnownFileType = file.xib; path = LeagueTableViewCell.xib; sourceTree = "<group>"; };
		2B63305525E8984600F028E9 /* UIImageView+Extension.swift */ = {isa = PBXFileReference; lastKnownFileType = sourcecode.swift; path = "UIImageView+Extension.swift"; sourceTree = "<group>"; };
		2B63305925E8AC3000F028E9 /* DetailsLeagueViewController.swift */ = {isa = PBXFileReference; lastKnownFileType = sourcecode.swift; path = DetailsLeagueViewController.swift; sourceTree = "<group>"; };
		2B63306925E8BEB800F028E9 /* TeamsByCompetition.swift */ = {isa = PBXFileReference; lastKnownFileType = sourcecode.swift; path = TeamsByCompetition.swift; sourceTree = "<group>"; };
		2B63306D25E8C46C00F028E9 /* TeamDetails.swift */ = {isa = PBXFileReference; lastKnownFileType = sourcecode.swift; path = TeamDetails.swift; sourceTree = "<group>"; };
		2B63307025E8C49200F028E9 /* JerseyByTeam.swift */ = {isa = PBXFileReference; lastKnownFileType = sourcecode.swift; path = JerseyByTeam.swift; sourceTree = "<group>"; };
		2B63308525E8DC0400F028E9 /* TeamTableViewCell.swift */ = {isa = PBXFileReference; lastKnownFileType = sourcecode.swift; path = TeamTableViewCell.swift; sourceTree = "<group>"; };
		2B63308625E8DC0400F028E9 /* TeamTableViewCell.xib */ = {isa = PBXFileReference; lastKnownFileType = file.xib; path = TeamTableViewCell.xib; sourceTree = "<group>"; };
		2B63308D25E8E13800F028E9 /* TeamsResponse.swift */ = {isa = PBXFileReference; lastKnownFileType = sourcecode.swift; path = TeamsResponse.swift; sourceTree = "<group>"; };
		2B63309425E94BBB00F028E9 /* UIView+Extension.swift */ = {isa = PBXFileReference; lastKnownFileType = sourcecode.swift; path = "UIView+Extension.swift"; sourceTree = "<group>"; };
		2B63309C25EBED0400F028E9 /* TeamSelectedViewController.swift */ = {isa = PBXFileReference; lastKnownFileType = sourcecode.swift; path = TeamSelectedViewController.swift; sourceTree = "<group>"; };
		2B6330A525ED3EF400F028E9 /* TeamDetailsResponse.swift */ = {isa = PBXFileReference; lastKnownFileType = sourcecode.swift; path = TeamDetailsResponse.swift; sourceTree = "<group>"; };
		2B6330AC25EDD59100F028E9 /* JerseyByTeamResponse.swift */ = {isa = PBXFileReference; lastKnownFileType = sourcecode.swift; path = JerseyByTeamResponse.swift; sourceTree = "<group>"; };
		2B6330B425EDE14E00F028E9 /* StadiumTableViewCell.swift */ = {isa = PBXFileReference; lastKnownFileType = sourcecode.swift; path = StadiumTableViewCell.swift; sourceTree = "<group>"; };
		2B6330B525EDE14E00F028E9 /* StadiumTableViewCell.xib */ = {isa = PBXFileReference; lastKnownFileType = file.xib; path = StadiumTableViewCell.xib; sourceTree = "<group>"; };
		2B6330BA25EF2AC800F028E9 /* JerseyImageViewController.swift */ = {isa = PBXFileReference; lastKnownFileType = sourcecode.swift; path = JerseyImageViewController.swift; sourceTree = "<group>"; };
		2B6330C025F1B41E00F028E9 /* AlertView+Extension.swift */ = {isa = PBXFileReference; lastKnownFileType = sourcecode.swift; path = "AlertView+Extension.swift"; sourceTree = "<group>"; };
		2B7EC56925F802D00021E3CF /* JerseyTableViewCell.swift */ = {isa = PBXFileReference; lastKnownFileType = sourcecode.swift; path = JerseyTableViewCell.swift; sourceTree = "<group>"; };
		2B7EC56A25F802D00021E3CF /* JerseyTableViewCell.xib */ = {isa = PBXFileReference; lastKnownFileType = file.xib; path = JerseyTableViewCell.xib; sourceTree = "<group>"; };
/* End PBXFileReference section */

/* Begin PBXFrameworksBuildPhase section */
		2B63301A25E5E2C700F028E9 /* Frameworks */ = {
			isa = PBXFrameworksBuildPhase;
			buildActionMask = 2147483647;
			files = (
			);
			runOnlyForDeploymentPostprocessing = 0;
		};
/* End PBXFrameworksBuildPhase section */

/* Begin PBXGroup section */
		2B63301425E5E2C700F028E9 = {
			isa = PBXGroup;
			children = (
				2B63301F25E5E2C700F028E9 /* FutballTournaments */,
				2B63301E25E5E2C700F028E9 /* Products */,
			);
			sourceTree = "<group>";
		};
		2B63301E25E5E2C700F028E9 /* Products */ = {
			isa = PBXGroup;
			children = (
				2B63301D25E5E2C700F028E9 /* FutballTournaments.app */,
			);
			name = Products;
			sourceTree = "<group>";
		};
		2B63301F25E5E2C700F028E9 /* FutballTournaments */ = {
			isa = PBXGroup;
			children = (
				2B63306325E8BB0400F028E9 /* View */,
				2B63305825E8ABCE00F028E9 /* Controllers */,
				2B63305425E897FC00F028E9 /* Extensions */,
				2B63303A25E6A39B00F028E9 /* Entities */,
				2B63303925E6A38D00F028E9 /* Files */,
				2B63302025E5E2C700F028E9 /* AppDelegate.swift */,
				2B63302225E5E2C700F028E9 /* SceneDelegate.swift */,
				2B63302925E5E2C800F028E9 /* Assets.xcassets */,
				2B63302E25E5E2C800F028E9 /* Info.plist */,
			);
			path = FutballTournaments;
			sourceTree = "<group>";
		};
		2B63303925E6A38D00F028E9 /* Files */ = {
			isa = PBXGroup;
			children = (
				2B63303625E5E5AE00F028E9 /* soccer_info.json */,
			);
			path = Files;
			sourceTree = "<group>";
		};
		2B63303A25E6A39B00F028E9 /* Entities */ = {
			isa = PBXGroup;
			children = (
				2BEFDE0525F1EB5C009386A3 /* APIResponses */,
				2B63306925E8BEB800F028E9 /* TeamsByCompetition.swift */,
				2B63306D25E8C46C00F028E9 /* TeamDetails.swift */,
				2B63307025E8C49200F028E9 /* JerseyByTeam.swift */,
				2B63303B25E6A41E00F028E9 /* Competition.swift */,
				2B63303E25E6A49A00F028E9 /* Tournament.swift */,
				2B63304225E6A7BD00F028E9 /* TournamentsResponse.swift */,
			);
			path = Entities;
			sourceTree = "<group>";
		};
		2B63305425E897FC00F028E9 /* Extensions */ = {
			isa = PBXGroup;
			children = (
				2B6330C025F1B41E00F028E9 /* AlertView+Extension.swift */,
				2B63305525E8984600F028E9 /* UIImageView+Extension.swift */,
				2B63309425E94BBB00F028E9 /* UIView+Extension.swift */,
			);
			path = Extensions;
			sourceTree = "<group>";
		};
		2B63305825E8ABCE00F028E9 /* Controllers */ = {
			isa = PBXGroup;
			children = (
				2BEFDE0325F1EB1A009386A3 /* TableViewCells */,
				2B63304625E6B33F00F028E9 /* TournamentsTableViewController.swift */,
				2B63305925E8AC3000F028E9 /* DetailsLeagueViewController.swift */,
				2B63309C25EBED0400F028E9 /* TeamSelectedViewController.swift */,
				2B6330BA25EF2AC800F028E9 /* JerseyImageViewController.swift */,
			);
			path = Controllers;
			sourceTree = "<group>";
		};
		2B63306325E8BB0400F028E9 /* View */ = {
			isa = PBXGroup;
			children = (
				2B63302B25E5E2C800F028E9 /* LaunchScreen.storyboard */,
				2B63302625E5E2C700F028E9 /* Main.storyboard */,
			);
			path = View;
			sourceTree = "<group>";
		};
		2BEFDE0325F1EB1A009386A3 /* TableViewCells */ = {
			isa = PBXGroup;
			children = (
				2B63304925E815C200F028E9 /* LeagueTableViewCell.swift */,
				2B63304A25E815C200F028E9 /* LeagueTableViewCell.xib */,
				2B63308525E8DC0400F028E9 /* TeamTableViewCell.swift */,
				2B63308625E8DC0400F028E9 /* TeamTableViewCell.xib */,
				2B6330B425EDE14E00F028E9 /* StadiumTableViewCell.swift */,
				2B6330B525EDE14E00F028E9 /* StadiumTableViewCell.xib */,
				2B7EC56925F802D00021E3CF /* JerseyTableViewCell.swift */,
				2B7EC56A25F802D00021E3CF /* JerseyTableViewCell.xib */,
			);
			path = TableViewCells;
			sourceTree = "<group>";
		};
		2BEFDE0525F1EB5C009386A3 /* APIResponses */ = {
			isa = PBXGroup;
			children = (
				2B63308D25E8E13800F028E9 /* TeamsResponse.swift */,
				2B6330A525ED3EF400F028E9 /* TeamDetailsResponse.swift */,
				2B6330AC25EDD59100F028E9 /* JerseyByTeamResponse.swift */,
			);
			path = APIResponses;
			sourceTree = "<group>";
		};
/* End PBXGroup section */

/* Begin PBXNativeTarget section */
		2B63301C25E5E2C700F028E9 /* FutballTournaments */ = {
			isa = PBXNativeTarget;
			buildConfigurationList = 2B63303125E5E2C800F028E9 /* Build configuration list for PBXNativeTarget "FutballTournaments" */;
			buildPhases = (
				2B63301925E5E2C700F028E9 /* Sources */,
				2B63301A25E5E2C700F028E9 /* Frameworks */,
				2B63301B25E5E2C700F028E9 /* Resources */,
			);
			buildRules = (
			);
			dependencies = (
			);
			name = FutballTournaments;
			productName = FutballTournaments;
			productReference = 2B63301D25E5E2C700F028E9 /* FutballTournaments.app */;
			productType = "com.apple.product-type.application";
		};
/* End PBXNativeTarget section */

/* Begin PBXProject section */
		2B63301525E5E2C700F028E9 /* Project object */ = {
			isa = PBXProject;
			attributes = {
				LastSwiftUpdateCheck = 1240;
				LastUpgradeCheck = 1240;
				TargetAttributes = {
					2B63301C25E5E2C700F028E9 = {
						CreatedOnToolsVersion = 12.4;
					};
				};
			};
			buildConfigurationList = 2B63301825E5E2C700F028E9 /* Build configuration list for PBXProject "FutballTournaments" */;
			compatibilityVersion = "Xcode 9.3";
			developmentRegion = en;
			hasScannedForEncodings = 0;
			knownRegions = (
				en,
				Base,
			);
			mainGroup = 2B63301425E5E2C700F028E9;
			productRefGroup = 2B63301E25E5E2C700F028E9 /* Products */;
			projectDirPath = "";
			projectRoot = "";
			targets = (
				2B63301C25E5E2C700F028E9 /* FutballTournaments */,
			);
		};
/* End PBXProject section */

/* Begin PBXResourcesBuildPhase section */
		2B63301B25E5E2C700F028E9 /* Resources */ = {
			isa = PBXResourcesBuildPhase;
			buildActionMask = 2147483647;
			files = (
				2BCEF6E625F1F7FF00854639 /* Main.storyboard in Resources */,
				2B6330B725EDE14E00F028E9 /* StadiumTableViewCell.xib in Resources */,
				2B63302D25E5E2C800F028E9 /* LaunchScreen.storyboard in Resources */,
				2B63302A25E5E2C800F028E9 /* Assets.xcassets in Resources */,
				2B63304C25E815C200F028E9 /* LeagueTableViewCell.xib in Resources */,
				2B7EC56C25F802D00021E3CF /* JerseyTableViewCell.xib in Resources */,
				2B63303725E5E5AE00F028E9 /* soccer_info.json in Resources */,
				2B63308825E8DC0400F028E9 /* TeamTableViewCell.xib in Resources */,
			);
			runOnlyForDeploymentPostprocessing = 0;
		};
/* End PBXResourcesBuildPhase section */

/* Begin PBXSourcesBuildPhase section */
		2B63301925E5E2C700F028E9 /* Sources */ = {
			isa = PBXSourcesBuildPhase;
			buildActionMask = 2147483647;
			files = (
				2B63306A25E8BEB800F028E9 /* TeamsByCompetition.swift in Sources */,
				2B63304325E6A7BD00F028E9 /* TournamentsResponse.swift in Sources */,
				2B63308E25E8E13800F028E9 /* TeamsResponse.swift in Sources */,
				2B63304B25E815C200F028E9 /* LeagueTableViewCell.swift in Sources */,
				2B6330BB25EF2AC800F028E9 /* JerseyImageViewController.swift in Sources */,
				2B63303F25E6A49A00F028E9 /* Tournament.swift in Sources */,
				2B63304725E6B33F00F028E9 /* TournamentsTableViewController.swift in Sources */,
				2B6330AD25EDD59100F028E9 /* JerseyByTeamResponse.swift in Sources */,
				2B6330C125F1B41E00F028E9 /* AlertView+Extension.swift in Sources */,
				2B63305625E8984600F028E9 /* UIImageView+Extension.swift in Sources */,
				2B63302125E5E2C700F028E9 /* AppDelegate.swift in Sources */,
				2B63307125E8C49200F028E9 /* JerseyByTeam.swift in Sources */,
				2B6330B625EDE14E00F028E9 /* StadiumTableViewCell.swift in Sources */,
				2B6330A625ED3EF400F028E9 /* TeamDetailsResponse.swift in Sources */,
				2B63309525E94BBB00F028E9 /* UIView+Extension.swift in Sources */,
				2B7EC56B25F802D00021E3CF /* JerseyTableViewCell.swift in Sources */,
				2B63306E25E8C46C00F028E9 /* TeamDetails.swift in Sources */,
				2B63308725E8DC0400F028E9 /* TeamTableViewCell.swift in Sources */,
				2B63302325E5E2C700F028E9 /* SceneDelegate.swift in Sources */,
				2B63305A25E8AC3000F028E9 /* DetailsLeagueViewController.swift in Sources */,
				2B63309D25EBED0400F028E9 /* TeamSelectedViewController.swift in Sources */,
				2B63303C25E6A41E00F028E9 /* Competition.swift in Sources */,
			);
			runOnlyForDeploymentPostprocessing = 0;
		};
/* End PBXSourcesBuildPhase section */

/* Begin PBXVariantGroup section */
		2B63302625E5E2C700F028E9 /* Main.storyboard */ = {
			isa = PBXVariantGroup;
			children = (
				2B63302725E5E2C700F028E9 /* Base */,
			);
			name = Main.storyboard;
			sourceTree = "<group>";
		};
		2B63302B25E5E2C800F028E9 /* LaunchScreen.storyboard */ = {
			isa = PBXVariantGroup;
			children = (
				2B63302C25E5E2C800F028E9 /* Base */,
			);
			name = LaunchScreen.storyboard;
			sourceTree = "<group>";
		};
/* End PBXVariantGroup section */

/* Begin XCBuildConfiguration section */
		2B63302F25E5E2C800F028E9 /* Debug */ = {
			isa = XCBuildConfiguration;
			buildSettings = {
				ALWAYS_SEARCH_USER_PATHS = NO;
				CLANG_ANALYZER_NONNULL = YES;
				CLANG_ANALYZER_NUMBER_OBJECT_CONVERSION = YES_AGGRESSIVE;
				CLANG_CXX_LANGUAGE_STANDARD = "gnu++14";
				CLANG_CXX_LIBRARY = "libc++";
				CLANG_ENABLE_MODULES = YES;
				CLANG_ENABLE_OBJC_ARC = YES;
				CLANG_ENABLE_OBJC_WEAK = YES;
				CLANG_WARN_BLOCK_CAPTURE_AUTORELEASING = YES;
				CLANG_WARN_BOOL_CONVERSION = YES;
				CLANG_WARN_COMMA = YES;
				CLANG_WARN_CONSTANT_CONVERSION = YES;
				CLANG_WARN_DEPRECATED_OBJC_IMPLEMENTATIONS = YES;
				CLANG_WARN_DIRECT_OBJC_ISA_USAGE = YES_ERROR;
				CLANG_WARN_DOCUMENTATION_COMMENTS = YES;
				CLANG_WARN_EMPTY_BODY = YES;
				CLANG_WARN_ENUM_CONVERSION = YES;
				CLANG_WARN_INFINITE_RECURSION = YES;
				CLANG_WARN_INT_CONVERSION = YES;
				CLANG_WARN_NON_LITERAL_NULL_CONVERSION = YES;
				CLANG_WARN_OBJC_IMPLICIT_RETAIN_SELF = YES;
				CLANG_WARN_OBJC_LITERAL_CONVERSION = YES;
				CLANG_WARN_OBJC_ROOT_CLASS = YES_ERROR;
				CLANG_WARN_QUOTED_INCLUDE_IN_FRAMEWORK_HEADER = YES;
				CLANG_WARN_RANGE_LOOP_ANALYSIS = YES;
				CLANG_WARN_STRICT_PROTOTYPES = YES;
				CLANG_WARN_SUSPICIOUS_MOVE = YES;
				CLANG_WARN_UNGUARDED_AVAILABILITY = YES_AGGRESSIVE;
				CLANG_WARN_UNREACHABLE_CODE = YES;
				CLANG_WARN__DUPLICATE_METHOD_MATCH = YES;
				COPY_PHASE_STRIP = NO;
				DEBUG_INFORMATION_FORMAT = dwarf;
				ENABLE_STRICT_OBJC_MSGSEND = YES;
				ENABLE_TESTABILITY = YES;
				GCC_C_LANGUAGE_STANDARD = gnu11;
				GCC_DYNAMIC_NO_PIC = NO;
				GCC_NO_COMMON_BLOCKS = YES;
				GCC_OPTIMIZATION_LEVEL = 0;
				GCC_PREPROCESSOR_DEFINITIONS = (
					"DEBUG=1",
					"$(inherited)",
				);
				GCC_WARN_64_TO_32_BIT_CONVERSION = YES;
				GCC_WARN_ABOUT_RETURN_TYPE = YES_ERROR;
				GCC_WARN_UNDECLARED_SELECTOR = YES;
				GCC_WARN_UNINITIALIZED_AUTOS = YES_AGGRESSIVE;
				GCC_WARN_UNUSED_FUNCTION = YES;
				GCC_WARN_UNUSED_VARIABLE = YES;
				IPHONEOS_DEPLOYMENT_TARGET = 14.4;
				MTL_ENABLE_DEBUG_INFO = INCLUDE_SOURCE;
				MTL_FAST_MATH = YES;
				ONLY_ACTIVE_ARCH = YES;
				SDKROOT = iphoneos;
				SWIFT_ACTIVE_COMPILATION_CONDITIONS = DEBUG;
				SWIFT_OPTIMIZATION_LEVEL = "-Onone";
			};
			name = Debug;
		};
		2B63303025E5E2C800F028E9 /* Release */ = {
			isa = XCBuildConfiguration;
			buildSettings = {
				ALWAYS_SEARCH_USER_PATHS = NO;
				CLANG_ANALYZER_NONNULL = YES;
				CLANG_ANALYZER_NUMBER_OBJECT_CONVERSION = YES_AGGRESSIVE;
				CLANG_CXX_LANGUAGE_STANDARD = "gnu++14";
				CLANG_CXX_LIBRARY = "libc++";
				CLANG_ENABLE_MODULES = YES;
				CLANG_ENABLE_OBJC_ARC = YES;
				CLANG_ENABLE_OBJC_WEAK = YES;
				CLANG_WARN_BLOCK_CAPTURE_AUTORELEASING = YES;
				CLANG_WARN_BOOL_CONVERSION = YES;
				CLANG_WARN_COMMA = YES;
				CLANG_WARN_CONSTANT_CONVERSION = YES;
				CLANG_WARN_DEPRECATED_OBJC_IMPLEMENTATIONS = YES;
				CLANG_WARN_DIRECT_OBJC_ISA_USAGE = YES_ERROR;
				CLANG_WARN_DOCUMENTATION_COMMENTS = YES;
				CLANG_WARN_EMPTY_BODY = YES;
				CLANG_WARN_ENUM_CONVERSION = YES;
				CLANG_WARN_INFINITE_RECURSION = YES;
				CLANG_WARN_INT_CONVERSION = YES;
				CLANG_WARN_NON_LITERAL_NULL_CONVERSION = YES;
				CLANG_WARN_OBJC_IMPLICIT_RETAIN_SELF = YES;
				CLANG_WARN_OBJC_LITERAL_CONVERSION = YES;
				CLANG_WARN_OBJC_ROOT_CLASS = YES_ERROR;
				CLANG_WARN_QUOTED_INCLUDE_IN_FRAMEWORK_HEADER = YES;
				CLANG_WARN_RANGE_LOOP_ANALYSIS = YES;
				CLANG_WARN_STRICT_PROTOTYPES = YES;
				CLANG_WARN_SUSPICIOUS_MOVE = YES;
				CLANG_WARN_UNGUARDED_AVAILABILITY = YES_AGGRESSIVE;
				CLANG_WARN_UNREACHABLE_CODE = YES;
				CLANG_WARN__DUPLICATE_METHOD_MATCH = YES;
				COPY_PHASE_STRIP = NO;
				DEBUG_INFORMATION_FORMAT = "dwarf-with-dsym";
				ENABLE_NS_ASSERTIONS = NO;
				ENABLE_STRICT_OBJC_MSGSEND = YES;
				GCC_C_LANGUAGE_STANDARD = gnu11;
				GCC_NO_COMMON_BLOCKS = YES;
				GCC_WARN_64_TO_32_BIT_CONVERSION = YES;
				GCC_WARN_ABOUT_RETURN_TYPE = YES_ERROR;
				GCC_WARN_UNDECLARED_SELECTOR = YES;
				GCC_WARN_UNINITIALIZED_AUTOS = YES_AGGRESSIVE;
				GCC_WARN_UNUSED_FUNCTION = YES;
				GCC_WARN_UNUSED_VARIABLE = YES;
				IPHONEOS_DEPLOYMENT_TARGET = 14.4;
				MTL_ENABLE_DEBUG_INFO = NO;
				MTL_FAST_MATH = YES;
				SDKROOT = iphoneos;
				SWIFT_COMPILATION_MODE = wholemodule;
				SWIFT_OPTIMIZATION_LEVEL = "-O";
				VALIDATE_PRODUCT = YES;
			};
			name = Release;
		};
		2B63303225E5E2C800F028E9 /* Debug */ = {
			isa = XCBuildConfiguration;
			buildSettings = {
				ASSETCATALOG_COMPILER_APPICON_NAME = AppIcon;
				ASSETCATALOG_COMPILER_GLOBAL_ACCENT_COLOR_NAME = AccentColor;
				CODE_SIGN_STYLE = Automatic;
				INFOPLIST_FILE = FutballTournaments/Info.plist;
				LD_RUNPATH_SEARCH_PATHS = (
					"$(inherited)",
					"@executable_path/Frameworks",
				);
				PRODUCT_BUNDLE_IDENTIFIER = com.crisbts.FutballTournaments;
				PRODUCT_NAME = "$(TARGET_NAME)";
				SWIFT_VERSION = 5.0;
				TARGETED_DEVICE_FAMILY = "1,2";
			};
			name = Debug;
		};
		2B63303325E5E2C800F028E9 /* Release */ = {
			isa = XCBuildConfiguration;
			buildSettings = {
				ASSETCATALOG_COMPILER_APPICON_NAME = AppIcon;
				ASSETCATALOG_COMPILER_GLOBAL_ACCENT_COLOR_NAME = AccentColor;
				CODE_SIGN_STYLE = Automatic;
				INFOPLIST_FILE = FutballTournaments/Info.plist;
				LD_RUNPATH_SEARCH_PATHS = (
					"$(inherited)",
					"@executable_path/Frameworks",
				);
				PRODUCT_BUNDLE_IDENTIFIER = com.crisbts.FutballTournaments;
				PRODUCT_NAME = "$(TARGET_NAME)";
				SWIFT_VERSION = 5.0;
				TARGETED_DEVICE_FAMILY = "1,2";
			};
			name = Release;
		};
/* End XCBuildConfiguration section */

/* Begin XCConfigurationList section */
		2B63301825E5E2C700F028E9 /* Build configuration list for PBXProject "FutballTournaments" */ = {
			isa = XCConfigurationList;
			buildConfigurations = (
				2B63302F25E5E2C800F028E9 /* Debug */,
				2B63303025E5E2C800F028E9 /* Release */,
			);
			defaultConfigurationIsVisible = 0;
			defaultConfigurationName = Release;
		};
		2B63303125E5E2C800F028E9 /* Build configuration list for PBXNativeTarget "FutballTournaments" */ = {
			isa = XCConfigurationList;
			buildConfigurations = (
				2B63303225E5E2C800F028E9 /* Debug */,
				2B63303325E5E2C800F028E9 /* Release */,
			);
			defaultConfigurationIsVisible = 0;
			defaultConfigurationName = Release;
		};
/* End XCConfigurationList section */
	};
	rootObject = 2B63301525E5E2C700F028E9 /* Project object */;
}
